// !$*UTF8*$!
{
	archiveVersion = 1;
	classes = {
	};
	objectVersion = 56;
	objects = {

/* Begin PBXBuildFile section */
		B51689EE2B3EB6B5007CD0D1 /* LightPriceData.swift in Sources */ = {isa = PBXBuildFile; fileRef = B51689ED2B3EB6B5007CD0D1 /* LightPriceData.swift */; };
		B51689F22B3EBD34007CD0D1 /* Colors.swift in Sources */ = {isa = PBXBuildFile; fileRef = B51689F12B3EBD34007CD0D1 /* Colors.swift */; };
		B51689F52B3EBD84007CD0D1 /* Colors.xcassets in Resources */ = {isa = PBXBuildFile; fileRef = B51689F42B3EBD84007CD0D1 /* Colors.xcassets */; };
		B51689F82B3EC0EB007CD0D1 /* Fonts.swift in Sources */ = {isa = PBXBuildFile; fileRef = B51689F72B3EC0EB007CD0D1 /* Fonts.swift */; };
		B5168A082B3EC200007CD0D1 /* LPFont.swift in Sources */ = {isa = PBXBuildFile; fileRef = B5168A072B3EC200007CD0D1 /* LPFont.swift */; };
		B5168A092B3EC39B007CD0D1 /* Roboto-Black.ttf in Resources */ = {isa = PBXBuildFile; fileRef = B51689FB2B3EC13C007CD0D1 /* Roboto-Black.ttf */; };
		B5168A0A2B3EC39D007CD0D1 /* Roboto-BlackItalic.ttf in Resources */ = {isa = PBXBuildFile; fileRef = B51689FF2B3EC13C007CD0D1 /* Roboto-BlackItalic.ttf */; };
		B5168A0B2B3EC3A3007CD0D1 /* Roboto-Bold.ttf in Resources */ = {isa = PBXBuildFile; fileRef = B5168A032B3EC13C007CD0D1 /* Roboto-Bold.ttf */; };
		B5168A0C2B3EC3A5007CD0D1 /* Roboto-BoldItalic.ttf in Resources */ = {isa = PBXBuildFile; fileRef = B5168A042B3EC13D007CD0D1 /* Roboto-BoldItalic.ttf */; };
		B5168A0D2B3EC3A7007CD0D1 /* Roboto-Italic.ttf in Resources */ = {isa = PBXBuildFile; fileRef = B51689FD2B3EC13C007CD0D1 /* Roboto-Italic.ttf */; };
		B5168A0E2B3EC3A9007CD0D1 /* Roboto-Light.ttf in Resources */ = {isa = PBXBuildFile; fileRef = B51689FA2B3EC13C007CD0D1 /* Roboto-Light.ttf */; };
		B5168A0F2B3EC3AC007CD0D1 /* Roboto-LightItalic.ttf in Resources */ = {isa = PBXBuildFile; fileRef = B51689FE2B3EC13C007CD0D1 /* Roboto-LightItalic.ttf */; };
		B5168A102B3EC3AE007CD0D1 /* Roboto-Medium.ttf in Resources */ = {isa = PBXBuildFile; fileRef = B5168A022B3EC13C007CD0D1 /* Roboto-Medium.ttf */; };
		B5168A112B3EC3B1007CD0D1 /* Roboto-MediumItalic.ttf in Resources */ = {isa = PBXBuildFile; fileRef = B5168A052B3EC13D007CD0D1 /* Roboto-MediumItalic.ttf */; };
		B5168A122B3EC3B2007CD0D1 /* Roboto-Regular.ttf in Resources */ = {isa = PBXBuildFile; fileRef = B5168A012B3EC13C007CD0D1 /* Roboto-Regular.ttf */; };
		B5168A132B3EC3B4007CD0D1 /* Roboto-Thin.ttf in Resources */ = {isa = PBXBuildFile; fileRef = B5168A002B3EC13C007CD0D1 /* Roboto-Thin.ttf */; };
		B5168A142B3EC3B6007CD0D1 /* Roboto-ThinItalic.ttf in Resources */ = {isa = PBXBuildFile; fileRef = B51689FC2B3EC13C007CD0D1 /* Roboto-ThinItalic.ttf */; };
		B5168A172B3EC73D007CD0D1 /* PricePanel.swift in Sources */ = {isa = PBXBuildFile; fileRef = B5168A162B3EC73D007CD0D1 /* PricePanel.swift */; };
		B5168A192B3ECA72007CD0D1 /* PricePanelViewModel.swift in Sources */ = {isa = PBXBuildFile; fileRef = B5168A182B3ECA72007CD0D1 /* PricePanelViewModel.swift */; };
		B51F4D352B3DF61E00D69D65 /* Endpoint.swift in Sources */ = {isa = PBXBuildFile; fileRef = B51F4D342B3DF61E00D69D65 /* Endpoint.swift */; };
		B51F4D372B3DF63000D69D65 /* HTTPClient.swift in Sources */ = {isa = PBXBuildFile; fileRef = B51F4D362B3DF63000D69D65 /* HTTPClient.swift */; };
		B51F4D392B3DF64900D69D65 /* RequestError.swift in Sources */ = {isa = PBXBuildFile; fileRef = B51F4D382B3DF64900D69D65 /* RequestError.swift */; };
		B51F4D3B2B3DF66800D69D65 /* RequestMethod.swift in Sources */ = {isa = PBXBuildFile; fileRef = B51F4D3A2B3DF66800D69D65 /* RequestMethod.swift */; };
		B5823C702B3DFB7200A795D0 /* LightPriceEndpoints.swift in Sources */ = {isa = PBXBuildFile; fileRef = B5823C6F2B3DFB7200A795D0 /* LightPriceEndpoints.swift */; };
		B5823C752B3DFD9900A795D0 /* LightPrice.swift in Sources */ = {isa = PBXBuildFile; fileRef = B5823C742B3DFD9900A795D0 /* LightPrice.swift */; };
		B5823C782B3DFDAE00A795D0 /* LightPriceDTO.swift in Sources */ = {isa = PBXBuildFile; fileRef = B5823C772B3DFDAE00A795D0 /* LightPriceDTO.swift */; };
		B5823C7B2B3E000900A795D0 /* LightPriceRepository.swift in Sources */ = {isa = PBXBuildFile; fileRef = B5823C7A2B3E000900A795D0 /* LightPriceRepository.swift */; };
		B5823C7F2B3E004500A795D0 /* DefaultLightPriceRepository.swift in Sources */ = {isa = PBXBuildFile; fileRef = B5823C7E2B3E004500A795D0 /* DefaultLightPriceRepository.swift */; };
		B5823C832B3E04D000A795D0 /* LightPriceResponse.swift in Sources */ = {isa = PBXBuildFile; fileRef = B5823C822B3E04D000A795D0 /* LightPriceResponse.swift */; };
		B5823C862B3E04E200A795D0 /* LightPriceResponseDTO.swift in Sources */ = {isa = PBXBuildFile; fileRef = B5823C852B3E04E200A795D0 /* LightPriceResponseDTO.swift */; };
		B586C2A32B3DCB63007F22FB /* LightPriceApp.swift in Sources */ = {isa = PBXBuildFile; fileRef = B586C2A22B3DCB63007F22FB /* LightPriceApp.swift */; };
		B586C2A52B3DCB63007F22FB /* ContentView.swift in Sources */ = {isa = PBXBuildFile; fileRef = B586C2A42B3DCB63007F22FB /* ContentView.swift */; };
		B586C2A72B3DCB64007F22FB /* Assets.xcassets in Resources */ = {isa = PBXBuildFile; fileRef = B586C2A62B3DCB64007F22FB /* Assets.xcassets */; };
		B586C2AB2B3DCB64007F22FB /* Preview Assets.xcassets in Resources */ = {isa = PBXBuildFile; fileRef = B586C2AA2B3DCB64007F22FB /* Preview Assets.xcassets */; };
		F92017F875635645D2D80B91 /* Pods_LightPriceApp.framework in Frameworks */ = {isa = PBXBuildFile; fileRef = B3951AABDF3553F5DF5DB714 /* Pods_LightPriceApp.framework */; };
/* End PBXBuildFile section */

/* Begin PBXFileReference section */
		2AF2C15F541549545A3492CF /* Pods-LightPriceApp.release.xcconfig */ = {isa = PBXFileReference; includeInIndex = 1; lastKnownFileType = text.xcconfig; name = "Pods-LightPriceApp.release.xcconfig"; path = "Target Support Files/Pods-LightPriceApp/Pods-LightPriceApp.release.xcconfig"; sourceTree = "<group>"; };
		84AAF8E076ECBB59D23D34CC /* Pods-LightPriceApp.debug.xcconfig */ = {isa = PBXFileReference; includeInIndex = 1; lastKnownFileType = text.xcconfig; name = "Pods-LightPriceApp.debug.xcconfig"; path = "Target Support Files/Pods-LightPriceApp/Pods-LightPriceApp.debug.xcconfig"; sourceTree = "<group>"; };
		B3951AABDF3553F5DF5DB714 /* Pods_LightPriceApp.framework */ = {isa = PBXFileReference; explicitFileType = wrapper.framework; includeInIndex = 0; path = Pods_LightPriceApp.framework; sourceTree = BUILT_PRODUCTS_DIR; };
		B51689ED2B3EB6B5007CD0D1 /* LightPriceData.swift */ = {isa = PBXFileReference; lastKnownFileType = sourcecode.swift; path = LightPriceData.swift; sourceTree = "<group>"; };
		B51689F12B3EBD34007CD0D1 /* Colors.swift */ = {isa = PBXFileReference; lastKnownFileType = sourcecode.swift; path = Colors.swift; sourceTree = "<group>"; };
		B51689F42B3EBD84007CD0D1 /* Colors.xcassets */ = {isa = PBXFileReference; lastKnownFileType = folder.assetcatalog; path = Colors.xcassets; sourceTree = "<group>"; };
		B51689F72B3EC0EB007CD0D1 /* Fonts.swift */ = {isa = PBXFileReference; lastKnownFileType = sourcecode.swift; path = Fonts.swift; sourceTree = "<group>"; };
		B51689FA2B3EC13C007CD0D1 /* Roboto-Light.ttf */ = {isa = PBXFileReference; lastKnownFileType = file; path = "Roboto-Light.ttf"; sourceTree = "<group>"; };
		B51689FB2B3EC13C007CD0D1 /* Roboto-Black.ttf */ = {isa = PBXFileReference; lastKnownFileType = file; path = "Roboto-Black.ttf"; sourceTree = "<group>"; };
		B51689FC2B3EC13C007CD0D1 /* Roboto-ThinItalic.ttf */ = {isa = PBXFileReference; lastKnownFileType = file; path = "Roboto-ThinItalic.ttf"; sourceTree = "<group>"; };
		B51689FD2B3EC13C007CD0D1 /* Roboto-Italic.ttf */ = {isa = PBXFileReference; lastKnownFileType = file; path = "Roboto-Italic.ttf"; sourceTree = "<group>"; };
		B51689FE2B3EC13C007CD0D1 /* Roboto-LightItalic.ttf */ = {isa = PBXFileReference; lastKnownFileType = file; path = "Roboto-LightItalic.ttf"; sourceTree = "<group>"; };
		B51689FF2B3EC13C007CD0D1 /* Roboto-BlackItalic.ttf */ = {isa = PBXFileReference; lastKnownFileType = file; path = "Roboto-BlackItalic.ttf"; sourceTree = "<group>"; };
		B5168A002B3EC13C007CD0D1 /* Roboto-Thin.ttf */ = {isa = PBXFileReference; lastKnownFileType = file; path = "Roboto-Thin.ttf"; sourceTree = "<group>"; };
		B5168A012B3EC13C007CD0D1 /* Roboto-Regular.ttf */ = {isa = PBXFileReference; lastKnownFileType = file; path = "Roboto-Regular.ttf"; sourceTree = "<group>"; };
		B5168A022B3EC13C007CD0D1 /* Roboto-Medium.ttf */ = {isa = PBXFileReference; lastKnownFileType = file; path = "Roboto-Medium.ttf"; sourceTree = "<group>"; };
		B5168A032B3EC13C007CD0D1 /* Roboto-Bold.ttf */ = {isa = PBXFileReference; lastKnownFileType = file; path = "Roboto-Bold.ttf"; sourceTree = "<group>"; };
		B5168A042B3EC13D007CD0D1 /* Roboto-BoldItalic.ttf */ = {isa = PBXFileReference; lastKnownFileType = file; path = "Roboto-BoldItalic.ttf"; sourceTree = "<group>"; };
		B5168A052B3EC13D007CD0D1 /* Roboto-MediumItalic.ttf */ = {isa = PBXFileReference; lastKnownFileType = file; path = "Roboto-MediumItalic.ttf"; sourceTree = "<group>"; };
		B5168A062B3EC18A007CD0D1 /* Info.plist */ = {isa = PBXFileReference; lastKnownFileType = text.plist; path = Info.plist; sourceTree = "<group>"; };
		B5168A072B3EC200007CD0D1 /* LPFont.swift */ = {isa = PBXFileReference; lastKnownFileType = sourcecode.swift; path = LPFont.swift; sourceTree = "<group>"; };
		B5168A162B3EC73D007CD0D1 /* PricePanel.swift */ = {isa = PBXFileReference; lastKnownFileType = sourcecode.swift; path = PricePanel.swift; sourceTree = "<group>"; };
		B5168A182B3ECA72007CD0D1 /* PricePanelViewModel.swift */ = {isa = PBXFileReference; lastKnownFileType = sourcecode.swift; path = PricePanelViewModel.swift; sourceTree = "<group>"; };
		B51F4D342B3DF61E00D69D65 /* Endpoint.swift */ = {isa = PBXFileReference; lastKnownFileType = sourcecode.swift; path = Endpoint.swift; sourceTree = "<group>"; };
		B51F4D362B3DF63000D69D65 /* HTTPClient.swift */ = {isa = PBXFileReference; lastKnownFileType = sourcecode.swift; path = HTTPClient.swift; sourceTree = "<group>"; };
		B51F4D382B3DF64900D69D65 /* RequestError.swift */ = {isa = PBXFileReference; lastKnownFileType = sourcecode.swift; path = RequestError.swift; sourceTree = "<group>"; };
		B51F4D3A2B3DF66800D69D65 /* RequestMethod.swift */ = {isa = PBXFileReference; lastKnownFileType = sourcecode.swift; path = RequestMethod.swift; sourceTree = "<group>"; };
		B5823C6F2B3DFB7200A795D0 /* LightPriceEndpoints.swift */ = {isa = PBXFileReference; lastKnownFileType = sourcecode.swift; path = LightPriceEndpoints.swift; sourceTree = "<group>"; };
		B5823C742B3DFD9900A795D0 /* LightPrice.swift */ = {isa = PBXFileReference; lastKnownFileType = sourcecode.swift; path = LightPrice.swift; sourceTree = "<group>"; };
		B5823C772B3DFDAE00A795D0 /* LightPriceDTO.swift */ = {isa = PBXFileReference; lastKnownFileType = sourcecode.swift; path = LightPriceDTO.swift; sourceTree = "<group>"; };
		B5823C7A2B3E000900A795D0 /* LightPriceRepository.swift */ = {isa = PBXFileReference; lastKnownFileType = sourcecode.swift; path = LightPriceRepository.swift; sourceTree = "<group>"; };
		B5823C7E2B3E004500A795D0 /* DefaultLightPriceRepository.swift */ = {isa = PBXFileReference; lastKnownFileType = sourcecode.swift; path = DefaultLightPriceRepository.swift; sourceTree = "<group>"; };
		B5823C822B3E04D000A795D0 /* LightPriceResponse.swift */ = {isa = PBXFileReference; lastKnownFileType = sourcecode.swift; path = LightPriceResponse.swift; sourceTree = "<group>"; };
		B5823C852B3E04E200A795D0 /* LightPriceResponseDTO.swift */ = {isa = PBXFileReference; lastKnownFileType = sourcecode.swift; path = LightPriceResponseDTO.swift; sourceTree = "<group>"; };
		B586C29F2B3DCB63007F22FB /* LightPriceApp.app */ = {isa = PBXFileReference; explicitFileType = wrapper.application; includeInIndex = 0; path = LightPriceApp.app; sourceTree = BUILT_PRODUCTS_DIR; };
		B586C2A22B3DCB63007F22FB /* LightPriceApp.swift */ = {isa = PBXFileReference; lastKnownFileType = sourcecode.swift; path = LightPriceApp.swift; sourceTree = "<group>"; };
		B586C2A42B3DCB63007F22FB /* ContentView.swift */ = {isa = PBXFileReference; lastKnownFileType = sourcecode.swift; path = ContentView.swift; sourceTree = "<group>"; };
		B586C2A62B3DCB64007F22FB /* Assets.xcassets */ = {isa = PBXFileReference; lastKnownFileType = folder.assetcatalog; path = Assets.xcassets; sourceTree = "<group>"; };
		B586C2A82B3DCB64007F22FB /* LightPriceApp.entitlements */ = {isa = PBXFileReference; lastKnownFileType = text.plist.entitlements; path = LightPriceApp.entitlements; sourceTree = "<group>"; };
		B586C2AA2B3DCB64007F22FB /* Preview Assets.xcassets */ = {isa = PBXFileReference; lastKnownFileType = folder.assetcatalog; path = "Preview Assets.xcassets"; sourceTree = "<group>"; };
/* End PBXFileReference section */

/* Begin PBXFrameworksBuildPhase section */
		B586C29C2B3DCB63007F22FB /* Frameworks */ = {
			isa = PBXFrameworksBuildPhase;
			buildActionMask = 2147483647;
			files = (
				F92017F875635645D2D80B91 /* Pods_LightPriceApp.framework in Frameworks */,
			);
			runOnlyForDeploymentPostprocessing = 0;
		};
/* End PBXFrameworksBuildPhase section */

/* Begin PBXGroup section */
		1DB56DF3BED2DC0A5AF3B60B /* Pods */ = {
			isa = PBXGroup;
			children = (
				84AAF8E076ECBB59D23D34CC /* Pods-LightPriceApp.debug.xcconfig */,
				2AF2C15F541549545A3492CF /* Pods-LightPriceApp.release.xcconfig */,
			);
			path = Pods;
			sourceTree = "<group>";
		};
		B51689EC2B3EB6A4007CD0D1 /* LightPriceData */ = {
			isa = PBXGroup;
			children = (
				B51689ED2B3EB6B5007CD0D1 /* LightPriceData.swift */,
			);
			path = LightPriceData;
			sourceTree = "<group>";
		};
		B51689EF2B3EBD0B007CD0D1 /* Presentation */ = {
			isa = PBXGroup;
			children = (
				B5168A152B3EC67C007CD0D1 /* Components */,
				B51689F02B3EBD20007CD0D1 /* DesignSystem */,
			);
			path = Presentation;
			sourceTree = "<group>";
		};
		B51689F02B3EBD20007CD0D1 /* DesignSystem */ = {
			isa = PBXGroup;
			children = (
				B51689F32B3EBD6C007CD0D1 /* Colors */,
				B51689F62B3EC05D007CD0D1 /* Fonts */,
			);
			path = DesignSystem;
			sourceTree = "<group>";
		};
		B51689F32B3EBD6C007CD0D1 /* Colors */ = {
			isa = PBXGroup;
			children = (
				B51689F12B3EBD34007CD0D1 /* Colors.swift */,
				B51689F42B3EBD84007CD0D1 /* Colors.xcassets */,
			);
			path = Colors;
			sourceTree = "<group>";
		};
		B51689F62B3EC05D007CD0D1 /* Fonts */ = {
			isa = PBXGroup;
			children = (
				B51689F72B3EC0EB007CD0D1 /* Fonts.swift */,
				B5168A072B3EC200007CD0D1 /* LPFont.swift */,
				B51689F92B3EC108007CD0D1 /* Roboto */,
			);
			path = Fonts;
			sourceTree = "<group>";
		};
		B51689F92B3EC108007CD0D1 /* Roboto */ = {
			isa = PBXGroup;
			children = (
				B51689FB2B3EC13C007CD0D1 /* Roboto-Black.ttf */,
				B51689FF2B3EC13C007CD0D1 /* Roboto-BlackItalic.ttf */,
				B5168A032B3EC13C007CD0D1 /* Roboto-Bold.ttf */,
				B5168A042B3EC13D007CD0D1 /* Roboto-BoldItalic.ttf */,
				B51689FD2B3EC13C007CD0D1 /* Roboto-Italic.ttf */,
				B51689FA2B3EC13C007CD0D1 /* Roboto-Light.ttf */,
				B51689FE2B3EC13C007CD0D1 /* Roboto-LightItalic.ttf */,
				B5168A022B3EC13C007CD0D1 /* Roboto-Medium.ttf */,
				B5168A052B3EC13D007CD0D1 /* Roboto-MediumItalic.ttf */,
				B5168A012B3EC13C007CD0D1 /* Roboto-Regular.ttf */,
				B5168A002B3EC13C007CD0D1 /* Roboto-Thin.ttf */,
				B51689FC2B3EC13C007CD0D1 /* Roboto-ThinItalic.ttf */,
			);
			path = Roboto;
			sourceTree = "<group>";
		};
		B5168A152B3EC67C007CD0D1 /* Components */ = {
			isa = PBXGroup;
			children = (
				B5168A1A2B3ECA75007CD0D1 /* PricePanel */,
				B5168A162B3EC73D007CD0D1 /* PricePanel.swift */,
				B5168A182B3ECA72007CD0D1 /* PricePanelViewModel.swift */,
			);
			path = Components;
			sourceTree = "<group>";
		};
		B5168A1A2B3ECA75007CD0D1 /* PricePanel */ = {
			isa = PBXGroup;
			children = (
			);
			path = PricePanel;
			sourceTree = "<group>";
		};
		B51F4D322B3DF5F200D69D65 /* Infrastructure */ = {
			isa = PBXGroup;
			children = (
				B51F4D332B3DF60100D69D65 /* Network */,
			);
			path = Infrastructure;
			sourceTree = "<group>";
		};
		B51F4D332B3DF60100D69D65 /* Network */ = {
			isa = PBXGroup;
			children = (
				B5823C6E2B3DFB5F00A795D0 /* Endpoints */,
				B51F4D342B3DF61E00D69D65 /* Endpoint.swift */,
				B51F4D362B3DF63000D69D65 /* HTTPClient.swift */,
				B51F4D382B3DF64900D69D65 /* RequestError.swift */,
				B51F4D3A2B3DF66800D69D65 /* RequestMethod.swift */,
			);
			path = Network;
			sourceTree = "<group>";
		};
		B5823C6E2B3DFB5F00A795D0 /* Endpoints */ = {
			isa = PBXGroup;
			children = (
				B5823C6F2B3DFB7200A795D0 /* LightPriceEndpoints.swift */,
			);
			path = Endpoints;
			sourceTree = "<group>";
		};
		B5823C712B3DFCBC00A795D0 /* Domain */ = {
			isa = PBXGroup;
			children = (
				B5823C722B3DFCC600A795D0 /* Entities */,
				B5823C792B3DFFF400A795D0 /* Repositories */,
			);
			path = Domain;
			sourceTree = "<group>";
		};
		B5823C722B3DFCC600A795D0 /* Entities */ = {
			isa = PBXGroup;
			children = (
				B5823C732B3DFD8300A795D0 /* LightPrice */,
				B51689EC2B3EB6A4007CD0D1 /* LightPriceData */,
				B5823C812B3E04BF00A795D0 /* LightPriceResponse */,
			);
			path = Entities;
			sourceTree = "<group>";
		};
		B5823C732B3DFD8300A795D0 /* LightPrice */ = {
			isa = PBXGroup;
			children = (
				B5823C742B3DFD9900A795D0 /* LightPrice.swift */,
				B5823C762B3DFD9E00A795D0 /* DataTransfer */,
			);
			path = LightPrice;
			sourceTree = "<group>";
		};
		B5823C762B3DFD9E00A795D0 /* DataTransfer */ = {
			isa = PBXGroup;
			children = (
				B5823C772B3DFDAE00A795D0 /* LightPriceDTO.swift */,
			);
			path = DataTransfer;
			sourceTree = "<group>";
		};
		B5823C792B3DFFF400A795D0 /* Repositories */ = {
			isa = PBXGroup;
			children = (
				B5823C7A2B3E000900A795D0 /* LightPriceRepository.swift */,
			);
			path = Repositories;
			sourceTree = "<group>";
		};
		B5823C7C2B3E002900A795D0 /* Data */ = {
			isa = PBXGroup;
			children = (
				B5823C7D2B3E003900A795D0 /* Repositories */,
			);
			path = Data;
			sourceTree = "<group>";
		};
		B5823C7D2B3E003900A795D0 /* Repositories */ = {
			isa = PBXGroup;
			children = (
				B5823C7E2B3E004500A795D0 /* DefaultLightPriceRepository.swift */,
			);
			path = Repositories;
			sourceTree = "<group>";
		};
		B5823C812B3E04BF00A795D0 /* LightPriceResponse */ = {
			isa = PBXGroup;
			children = (
				B5823C822B3E04D000A795D0 /* LightPriceResponse.swift */,
				B5823C842B3E04D300A795D0 /* DataTransfer */,
			);
			path = LightPriceResponse;
			sourceTree = "<group>";
		};
		B5823C842B3E04D300A795D0 /* DataTransfer */ = {
			isa = PBXGroup;
			children = (
				B5823C852B3E04E200A795D0 /* LightPriceResponseDTO.swift */,
			);
			path = DataTransfer;
			sourceTree = "<group>";
		};
		B586C2962B3DCB63007F22FB = {
			isa = PBXGroup;
			children = (
				B586C2A12B3DCB63007F22FB /* LightPriceApp */,
				B586C2A02B3DCB63007F22FB /* Products */,
				1DB56DF3BED2DC0A5AF3B60B /* Pods */,
				E38CFA51760552FB46E16B9F /* Frameworks */,
			);
			sourceTree = "<group>";
		};
		B586C2A02B3DCB63007F22FB /* Products */ = {
			isa = PBXGroup;
			children = (
				B586C29F2B3DCB63007F22FB /* LightPriceApp.app */,
			);
			name = Products;
			sourceTree = "<group>";
		};
		B586C2A12B3DCB63007F22FB /* LightPriceApp */ = {
			isa = PBXGroup;
			children = (
				B5168A062B3EC18A007CD0D1 /* Info.plist */,
				B586C2A82B3DCB64007F22FB /* LightPriceApp.entitlements */,
				B586C2A42B3DCB63007F22FB /* ContentView.swift */,
				B586C2A22B3DCB63007F22FB /* LightPriceApp.swift */,
				B586C2A62B3DCB64007F22FB /* Assets.xcassets */,
				B5823C7C2B3E002900A795D0 /* Data */,
				B5823C712B3DFCBC00A795D0 /* Domain */,
				B51F4D322B3DF5F200D69D65 /* Infrastructure */,
				B51689EF2B3EBD0B007CD0D1 /* Presentation */,
				B586C2A92B3DCB64007F22FB /* Preview Content */,
			);
			path = LightPriceApp;
			sourceTree = "<group>";
		};
		B586C2A92B3DCB64007F22FB /* Preview Content */ = {
			isa = PBXGroup;
			children = (
				B586C2AA2B3DCB64007F22FB /* Preview Assets.xcassets */,
			);
			path = "Preview Content";
			sourceTree = "<group>";
		};
		E38CFA51760552FB46E16B9F /* Frameworks */ = {
			isa = PBXGroup;
			children = (
				B3951AABDF3553F5DF5DB714 /* Pods_LightPriceApp.framework */,
			);
			name = Frameworks;
			sourceTree = "<group>";
		};
/* End PBXGroup section */

/* Begin PBXNativeTarget section */
		B586C29E2B3DCB63007F22FB /* LightPriceApp */ = {
			isa = PBXNativeTarget;
			buildConfigurationList = B586C2AE2B3DCB64007F22FB /* Build configuration list for PBXNativeTarget "LightPriceApp" */;
			buildPhases = (
				1EE62E9B093F10E84C519552 /* [CP] Check Pods Manifest.lock */,
				B586C29B2B3DCB63007F22FB /* Sources */,
				B586C29C2B3DCB63007F22FB /* Frameworks */,
				B586C29D2B3DCB63007F22FB /* Resources */,
			);
			buildRules = (
			);
			dependencies = (
			);
			name = LightPriceApp;
			productName = LightPriceApp;
			productReference = B586C29F2B3DCB63007F22FB /* LightPriceApp.app */;
			productType = "com.apple.product-type.application";
		};
/* End PBXNativeTarget section */

/* Begin PBXProject section */
		B586C2972B3DCB63007F22FB /* Project object */ = {
			isa = PBXProject;
			attributes = {
				BuildIndependentTargetsInParallel = 1;
				LastSwiftUpdateCheck = 1500;
				LastUpgradeCheck = 1500;
				TargetAttributes = {
					B586C29E2B3DCB63007F22FB = {
						CreatedOnToolsVersion = 15.0;
					};
				};
			};
			buildConfigurationList = B586C29A2B3DCB63007F22FB /* Build configuration list for PBXProject "LightPriceApp" */;
			compatibilityVersion = "Xcode 14.0";
			developmentRegion = en;
			hasScannedForEncodings = 0;
			knownRegions = (
				en,
				Base,
			);
			mainGroup = B586C2962B3DCB63007F22FB;
			productRefGroup = B586C2A02B3DCB63007F22FB /* Products */;
			projectDirPath = "";
			projectRoot = "";
			targets = (
				B586C29E2B3DCB63007F22FB /* LightPriceApp */,
			);
		};
/* End PBXProject section */

/* Begin PBXResourcesBuildPhase section */
		B586C29D2B3DCB63007F22FB /* Resources */ = {
			isa = PBXResourcesBuildPhase;
			buildActionMask = 2147483647;
			files = (
				B5168A142B3EC3B6007CD0D1 /* Roboto-ThinItalic.ttf in Resources */,
				B5168A132B3EC3B4007CD0D1 /* Roboto-Thin.ttf in Resources */,
				B51689F52B3EBD84007CD0D1 /* Colors.xcassets in Resources */,
				B586C2AB2B3DCB64007F22FB /* Preview Assets.xcassets in Resources */,
				B5168A0F2B3EC3AC007CD0D1 /* Roboto-LightItalic.ttf in Resources */,
				B5168A0B2B3EC3A3007CD0D1 /* Roboto-Bold.ttf in Resources */,
				B5168A112B3EC3B1007CD0D1 /* Roboto-MediumItalic.ttf in Resources */,
				B5168A0A2B3EC39D007CD0D1 /* Roboto-BlackItalic.ttf in Resources */,
				B586C2A72B3DCB64007F22FB /* Assets.xcassets in Resources */,
				B5168A0D2B3EC3A7007CD0D1 /* Roboto-Italic.ttf in Resources */,
				B5168A0C2B3EC3A5007CD0D1 /* Roboto-BoldItalic.ttf in Resources */,
				B5168A102B3EC3AE007CD0D1 /* Roboto-Medium.ttf in Resources */,
				B5168A122B3EC3B2007CD0D1 /* Roboto-Regular.ttf in Resources */,
				B5168A092B3EC39B007CD0D1 /* Roboto-Black.ttf in Resources */,
				B5168A0E2B3EC3A9007CD0D1 /* Roboto-Light.ttf in Resources */,
			);
			runOnlyForDeploymentPostprocessing = 0;
		};
/* End PBXResourcesBuildPhase section */

/* Begin PBXShellScriptBuildPhase section */
		1EE62E9B093F10E84C519552 /* [CP] Check Pods Manifest.lock */ = {
			isa = PBXShellScriptBuildPhase;
			buildActionMask = 2147483647;
			files = (
			);
			inputFileListPaths = (
			);
			inputPaths = (
				"${PODS_PODFILE_DIR_PATH}/Podfile.lock",
				"${PODS_ROOT}/Manifest.lock",
			);
			name = "[CP] Check Pods Manifest.lock";
			outputFileListPaths = (
			);
			outputPaths = (
				"$(DERIVED_FILE_DIR)/Pods-LightPriceApp-checkManifestLockResult.txt",
			);
			runOnlyForDeploymentPostprocessing = 0;
			shellPath = /bin/sh;
			shellScript = "diff \"${PODS_PODFILE_DIR_PATH}/Podfile.lock\" \"${PODS_ROOT}/Manifest.lock\" > /dev/null\nif [ $? != 0 ] ; then\n    # print error to STDERR\n    echo \"error: The sandbox is not in sync with the Podfile.lock. Run 'pod install' or update your CocoaPods installation.\" >&2\n    exit 1\nfi\n# This output is used by Xcode 'outputs' to avoid re-running this script phase.\necho \"SUCCESS\" > \"${SCRIPT_OUTPUT_FILE_0}\"\n";
			showEnvVarsInLog = 0;
		};
/* End PBXShellScriptBuildPhase section */

/* Begin PBXSourcesBuildPhase section */
		B586C29B2B3DCB63007F22FB /* Sources */ = {
			isa = PBXSourcesBuildPhase;
			buildActionMask = 2147483647;
			files = (
				B51689F82B3EC0EB007CD0D1 /* Fonts.swift in Sources */,
				B5168A082B3EC200007CD0D1 /* LPFont.swift in Sources */,
				B586C2A52B3DCB63007F22FB /* ContentView.swift in Sources */,
				B51689F22B3EBD34007CD0D1 /* Colors.swift in Sources */,
				B5823C702B3DFB7200A795D0 /* LightPriceEndpoints.swift in Sources */,
				B5823C7B2B3E000900A795D0 /* LightPriceRepository.swift in Sources */,
				B5168A192B3ECA72007CD0D1 /* PricePanelViewModel.swift in Sources */,
				B51F4D392B3DF64900D69D65 /* RequestError.swift in Sources */,
				B5823C862B3E04E200A795D0 /* LightPriceResponseDTO.swift in Sources */,
				B51F4D352B3DF61E00D69D65 /* Endpoint.swift in Sources */,
				B5168A172B3EC73D007CD0D1 /* PricePanel.swift in Sources */,
				B51F4D372B3DF63000D69D65 /* HTTPClient.swift in Sources */,
				B5823C7F2B3E004500A795D0 /* DefaultLightPriceRepository.swift in Sources */,
				B5823C782B3DFDAE00A795D0 /* LightPriceDTO.swift in Sources */,
				B51F4D3B2B3DF66800D69D65 /* RequestMethod.swift in Sources */,
				B5823C832B3E04D000A795D0 /* LightPriceResponse.swift in Sources */,
				B5823C752B3DFD9900A795D0 /* LightPrice.swift in Sources */,
				B51689EE2B3EB6B5007CD0D1 /* LightPriceData.swift in Sources */,
				B586C2A32B3DCB63007F22FB /* LightPriceApp.swift in Sources */,
			);
			runOnlyForDeploymentPostprocessing = 0;
		};
/* End PBXSourcesBuildPhase section */

/* Begin XCBuildConfiguration section */
		B586C2AC2B3DCB64007F22FB /* Debug */ = {
			isa = XCBuildConfiguration;
			buildSettings = {
				ALWAYS_SEARCH_USER_PATHS = NO;
				ASSETCATALOG_COMPILER_GENERATE_SWIFT_ASSET_SYMBOL_EXTENSIONS = YES;
				CLANG_ANALYZER_NONNULL = YES;
				CLANG_ANALYZER_NUMBER_OBJECT_CONVERSION = YES_AGGRESSIVE;
				CLANG_CXX_LANGUAGE_STANDARD = "gnu++20";
				CLANG_ENABLE_MODULES = YES;
				CLANG_ENABLE_OBJC_ARC = YES;
				CLANG_ENABLE_OBJC_WEAK = YES;
				CLANG_WARN_BLOCK_CAPTURE_AUTORELEASING = YES;
				CLANG_WARN_BOOL_CONVERSION = YES;
				CLANG_WARN_COMMA = YES;
				CLANG_WARN_CONSTANT_CONVERSION = YES;
				CLANG_WARN_DEPRECATED_OBJC_IMPLEMENTATIONS = YES;
				CLANG_WARN_DIRECT_OBJC_ISA_USAGE = YES_ERROR;
				CLANG_WARN_DOCUMENTATION_COMMENTS = YES;
				CLANG_WARN_EMPTY_BODY = YES;
				CLANG_WARN_ENUM_CONVERSION = YES;
				CLANG_WARN_INFINITE_RECURSION = YES;
				CLANG_WARN_INT_CONVERSION = YES;
				CLANG_WARN_NON_LITERAL_NULL_CONVERSION = YES;
				CLANG_WARN_OBJC_IMPLICIT_RETAIN_SELF = YES;
				CLANG_WARN_OBJC_LITERAL_CONVERSION = YES;
				CLANG_WARN_OBJC_ROOT_CLASS = YES_ERROR;
				CLANG_WARN_QUOTED_INCLUDE_IN_FRAMEWORK_HEADER = YES;
				CLANG_WARN_RANGE_LOOP_ANALYSIS = YES;
				CLANG_WARN_STRICT_PROTOTYPES = YES;
				CLANG_WARN_SUSPICIOUS_MOVE = YES;
				CLANG_WARN_UNGUARDED_AVAILABILITY = YES_AGGRESSIVE;
				CLANG_WARN_UNREACHABLE_CODE = YES;
				CLANG_WARN__DUPLICATE_METHOD_MATCH = YES;
				COPY_PHASE_STRIP = NO;
				DEBUG_INFORMATION_FORMAT = dwarf;
				ENABLE_STRICT_OBJC_MSGSEND = YES;
				ENABLE_TESTABILITY = YES;
				ENABLE_USER_SCRIPT_SANDBOXING = YES;
				GCC_C_LANGUAGE_STANDARD = gnu17;
				GCC_DYNAMIC_NO_PIC = NO;
				GCC_NO_COMMON_BLOCKS = YES;
				GCC_OPTIMIZATION_LEVEL = 0;
				GCC_PREPROCESSOR_DEFINITIONS = (
					"DEBUG=1",
					"$(inherited)",
				);
				GCC_WARN_64_TO_32_BIT_CONVERSION = YES;
				GCC_WARN_ABOUT_RETURN_TYPE = YES_ERROR;
				GCC_WARN_UNDECLARED_SELECTOR = YES;
				GCC_WARN_UNINITIALIZED_AUTOS = YES_AGGRESSIVE;
				GCC_WARN_UNUSED_FUNCTION = YES;
				GCC_WARN_UNUSED_VARIABLE = YES;
				LOCALIZATION_PREFERS_STRING_CATALOGS = YES;
				MTL_ENABLE_DEBUG_INFO = INCLUDE_SOURCE;
				MTL_FAST_MATH = YES;
				ONLY_ACTIVE_ARCH = YES;
				SWIFT_ACTIVE_COMPILATION_CONDITIONS = "DEBUG $(inherited)";
				SWIFT_OPTIMIZATION_LEVEL = "-Onone";
			};
			name = Debug;
		};
		B586C2AD2B3DCB64007F22FB /* Release */ = {
			isa = XCBuildConfiguration;
			buildSettings = {
				ALWAYS_SEARCH_USER_PATHS = NO;
				ASSETCATALOG_COMPILER_GENERATE_SWIFT_ASSET_SYMBOL_EXTENSIONS = YES;
				CLANG_ANALYZER_NONNULL = YES;
				CLANG_ANALYZER_NUMBER_OBJECT_CONVERSION = YES_AGGRESSIVE;
				CLANG_CXX_LANGUAGE_STANDARD = "gnu++20";
				CLANG_ENABLE_MODULES = YES;
				CLANG_ENABLE_OBJC_ARC = YES;
				CLANG_ENABLE_OBJC_WEAK = YES;
				CLANG_WARN_BLOCK_CAPTURE_AUTORELEASING = YES;
				CLANG_WARN_BOOL_CONVERSION = YES;
				CLANG_WARN_COMMA = YES;
				CLANG_WARN_CONSTANT_CONVERSION = YES;
				CLANG_WARN_DEPRECATED_OBJC_IMPLEMENTATIONS = YES;
				CLANG_WARN_DIRECT_OBJC_ISA_USAGE = YES_ERROR;
				CLANG_WARN_DOCUMENTATION_COMMENTS = YES;
				CLANG_WARN_EMPTY_BODY = YES;
				CLANG_WARN_ENUM_CONVERSION = YES;
				CLANG_WARN_INFINITE_RECURSION = YES;
				CLANG_WARN_INT_CONVERSION = YES;
				CLANG_WARN_NON_LITERAL_NULL_CONVERSION = YES;
				CLANG_WARN_OBJC_IMPLICIT_RETAIN_SELF = YES;
				CLANG_WARN_OBJC_LITERAL_CONVERSION = YES;
				CLANG_WARN_OBJC_ROOT_CLASS = YES_ERROR;
				CLANG_WARN_QUOTED_INCLUDE_IN_FRAMEWORK_HEADER = YES;
				CLANG_WARN_RANGE_LOOP_ANALYSIS = YES;
				CLANG_WARN_STRICT_PROTOTYPES = YES;
				CLANG_WARN_SUSPICIOUS_MOVE = YES;
				CLANG_WARN_UNGUARDED_AVAILABILITY = YES_AGGRESSIVE;
				CLANG_WARN_UNREACHABLE_CODE = YES;
				CLANG_WARN__DUPLICATE_METHOD_MATCH = YES;
				COPY_PHASE_STRIP = NO;
				DEBUG_INFORMATION_FORMAT = "dwarf-with-dsym";
				ENABLE_NS_ASSERTIONS = NO;
				ENABLE_STRICT_OBJC_MSGSEND = YES;
				ENABLE_USER_SCRIPT_SANDBOXING = YES;
				GCC_C_LANGUAGE_STANDARD = gnu17;
				GCC_NO_COMMON_BLOCKS = YES;
				GCC_WARN_64_TO_32_BIT_CONVERSION = YES;
				GCC_WARN_ABOUT_RETURN_TYPE = YES_ERROR;
				GCC_WARN_UNDECLARED_SELECTOR = YES;
				GCC_WARN_UNINITIALIZED_AUTOS = YES_AGGRESSIVE;
				GCC_WARN_UNUSED_FUNCTION = YES;
				GCC_WARN_UNUSED_VARIABLE = YES;
				LOCALIZATION_PREFERS_STRING_CATALOGS = YES;
				MTL_ENABLE_DEBUG_INFO = NO;
				MTL_FAST_MATH = YES;
				SWIFT_COMPILATION_MODE = wholemodule;
			};
			name = Release;
		};
		B586C2AF2B3DCB64007F22FB /* Debug */ = {
			isa = XCBuildConfiguration;
			baseConfigurationReference = 84AAF8E076ECBB59D23D34CC /* Pods-LightPriceApp.debug.xcconfig */;
			buildSettings = {
				ASSETCATALOG_COMPILER_APPICON_NAME = AppIcon;
				ASSETCATALOG_COMPILER_GLOBAL_ACCENT_COLOR_NAME = AccentColor;
				CODE_SIGN_ENTITLEMENTS = LightPriceApp/LightPriceApp.entitlements;
				CODE_SIGN_STYLE = Automatic;
				CURRENT_PROJECT_VERSION = 1;
				DEVELOPMENT_ASSET_PATHS = "\"LightPriceApp/Preview Content\"";
				DEVELOPMENT_TEAM = HM99275N5A;
				ENABLE_HARDENED_RUNTIME = YES;
				ENABLE_PREVIEWS = YES;
				GENERATE_INFOPLIST_FILE = YES;
				INFOPLIST_FILE = LightPriceApp/Info.plist;
				"INFOPLIST_KEY_UIApplicationSceneManifest_Generation[sdk=iphoneos*]" = YES;
				"INFOPLIST_KEY_UIApplicationSceneManifest_Generation[sdk=iphonesimulator*]" = YES;
				"INFOPLIST_KEY_UIApplicationSupportsIndirectInputEvents[sdk=iphoneos*]" = YES;
				"INFOPLIST_KEY_UIApplicationSupportsIndirectInputEvents[sdk=iphonesimulator*]" = YES;
				"INFOPLIST_KEY_UILaunchScreen_Generation[sdk=iphoneos*]" = YES;
				"INFOPLIST_KEY_UILaunchScreen_Generation[sdk=iphonesimulator*]" = YES;
				"INFOPLIST_KEY_UIStatusBarStyle[sdk=iphoneos*]" = UIStatusBarStyleDefault;
				"INFOPLIST_KEY_UIStatusBarStyle[sdk=iphonesimulator*]" = UIStatusBarStyleDefault;
				INFOPLIST_KEY_UISupportedInterfaceOrientations_iPad = "UIInterfaceOrientationPortrait UIInterfaceOrientationPortraitUpsideDown UIInterfaceOrientationLandscapeLeft UIInterfaceOrientationLandscapeRight";
				INFOPLIST_KEY_UISupportedInterfaceOrientations_iPhone = "UIInterfaceOrientationPortrait UIInterfaceOrientationLandscapeLeft UIInterfaceOrientationLandscapeRight";
				IPHONEOS_DEPLOYMENT_TARGET = 17.0;
				LD_RUNPATH_SEARCH_PATHS = "@executable_path/Frameworks";
				"LD_RUNPATH_SEARCH_PATHS[sdk=macosx*]" = "@executable_path/../Frameworks";
				MACOSX_DEPLOYMENT_TARGET = 13.6;
				MARKETING_VERSION = 1.0;
				PRODUCT_BUNDLE_IDENTIFIER = light.price.LightPriceApp;
				PRODUCT_NAME = "$(TARGET_NAME)";
				SDKROOT = auto;
				SUPPORTED_PLATFORMS = "iphoneos iphonesimulator macosx";
				SWIFT_EMIT_LOC_STRINGS = YES;
				SWIFT_VERSION = 5.0;
				TARGETED_DEVICE_FAMILY = "1,2";
			};
			name = Debug;
		};
		B586C2B02B3DCB64007F22FB /* Release */ = {
			isa = XCBuildConfiguration;
			baseConfigurationReference = 2AF2C15F541549545A3492CF /* Pods-LightPriceApp.release.xcconfig */;
			buildSettings = {
				ASSETCATALOG_COMPILER_APPICON_NAME = AppIcon;
				ASSETCATALOG_COMPILER_GLOBAL_ACCENT_COLOR_NAME = AccentColor;
				CODE_SIGN_ENTITLEMENTS = LightPriceApp/LightPriceApp.entitlements;
				CODE_SIGN_STYLE = Automatic;
				CURRENT_PROJECT_VERSION = 1;
				DEVELOPMENT_ASSET_PATHS = "\"LightPriceApp/Preview Content\"";
				DEVELOPMENT_TEAM = HM99275N5A;
				ENABLE_HARDENED_RUNTIME = YES;
				ENABLE_PREVIEWS = YES;
				GENERATE_INFOPLIST_FILE = YES;
				INFOPLIST_FILE = LightPriceApp/Info.plist;
				"INFOPLIST_KEY_UIApplicationSceneManifest_Generation[sdk=iphoneos*]" = YES;
				"INFOPLIST_KEY_UIApplicationSceneManifest_Generation[sdk=iphonesimulator*]" = YES;
				"INFOPLIST_KEY_UIApplicationSupportsIndirectInputEvents[sdk=iphoneos*]" = YES;
				"INFOPLIST_KEY_UIApplicationSupportsIndirectInputEvents[sdk=iphonesimulator*]" = YES;
				"INFOPLIST_KEY_UILaunchScreen_Generation[sdk=iphoneos*]" = YES;
				"INFOPLIST_KEY_UILaunchScreen_Generation[sdk=iphonesimulator*]" = YES;
				"INFOPLIST_KEY_UIStatusBarStyle[sdk=iphoneos*]" = UIStatusBarStyleDefault;
				"INFOPLIST_KEY_UIStatusBarStyle[sdk=iphonesimulator*]" = UIStatusBarStyleDefault;
				INFOPLIST_KEY_UISupportedInterfaceOrientations_iPad = "UIInterfaceOrientationPortrait UIInterfaceOrientationPortraitUpsideDown UIInterfaceOrientationLandscapeLeft UIInterfaceOrientationLandscapeRight";
				INFOPLIST_KEY_UISupportedInterfaceOrientations_iPhone = "UIInterfaceOrientationPortrait UIInterfaceOrientationLandscapeLeft UIInterfaceOrientationLandscapeRight";
				IPHONEOS_DEPLOYMENT_TARGET = 17.0;
				LD_RUNPATH_SEARCH_PATHS = "@executable_path/Frameworks";
				"LD_RUNPATH_SEARCH_PATHS[sdk=macosx*]" = "@executable_path/../Frameworks";
				MACOSX_DEPLOYMENT_TARGET = 13.6;
				MARKETING_VERSION = 1.0;
				PRODUCT_BUNDLE_IDENTIFIER = light.price.LightPriceApp;
				PRODUCT_NAME = "$(TARGET_NAME)";
				SDKROOT = auto;
				SUPPORTED_PLATFORMS = "iphoneos iphonesimulator macosx";
				SWIFT_EMIT_LOC_STRINGS = YES;
				SWIFT_VERSION = 5.0;
				TARGETED_DEVICE_FAMILY = "1,2";
			};
			name = Release;
		};
/* End XCBuildConfiguration section */

/* Begin XCConfigurationList section */
		B586C29A2B3DCB63007F22FB /* Build configuration list for PBXProject "LightPriceApp" */ = {
			isa = XCConfigurationList;
			buildConfigurations = (
				B586C2AC2B3DCB64007F22FB /* Debug */,
				B586C2AD2B3DCB64007F22FB /* Release */,
			);
			defaultConfigurationIsVisible = 0;
			defaultConfigurationName = Release;
		};
		B586C2AE2B3DCB64007F22FB /* Build configuration list for PBXNativeTarget "LightPriceApp" */ = {
			isa = XCConfigurationList;
			buildConfigurations = (
				B586C2AF2B3DCB64007F22FB /* Debug */,
				B586C2B02B3DCB64007F22FB /* Release */,
			);
			defaultConfigurationIsVisible = 0;
			defaultConfigurationName = Release;
		};
/* End XCConfigurationList section */
	};
	rootObject = B586C2972B3DCB63007F22FB /* Project object */;
}
